// !$*UTF8*$!
{
	archiveVersion = 1;
	classes = {
	};
	objectVersion = 56;
	objects = {

/* Begin PBXBuildFile section */
		D846D3672C5D49CC00D7B925 /* AppDelegate.swift in Sources */ = {isa = PBXBuildFile; fileRef = D846D3662C5D49CC00D7B925 /* AppDelegate.swift */; };
		D846D3692C5D49CC00D7B925 /* SceneDelegate.swift in Sources */ = {isa = PBXBuildFile; fileRef = D846D3682C5D49CC00D7B925 /* SceneDelegate.swift */; };
		D846D36B2C5D49CC00D7B925 /* SosViewController.swift in Sources */ = {isa = PBXBuildFile; fileRef = D846D36A2C5D49CC00D7B925 /* SosViewController.swift */; };
		D846D36E2C5D49CC00D7B925 /* Base in Resources */ = {isa = PBXBuildFile; fileRef = D846D36D2C5D49CC00D7B925 /* Base */; };
		D846D3702C5D49CF00D7B925 /* Assets.xcassets in Resources */ = {isa = PBXBuildFile; fileRef = D846D36F2C5D49CF00D7B925 /* Assets.xcassets */; };
		D846D3732C5D49CF00D7B925 /* Base in Resources */ = {isa = PBXBuildFile; fileRef = D846D3722C5D49CF00D7B925 /* Base */; };
		D846D37B2C5D578200D7B925 /* EmergencyContactViewController.swift in Sources */ = {isa = PBXBuildFile; fileRef = D846D37A2C5D578200D7B925 /* EmergencyContactViewController.swift */; };
		D8F5603A2C5E8B4B0051DC4E /* ContactPerson.swift in Sources */ = {isa = PBXBuildFile; fileRef = D8F560392C5E8B4B0051DC4E /* ContactPerson.swift */; };
/* End PBXBuildFile section */

/* Begin PBXFileReference section */
		D846D3632C5D49CC00D7B925 /* SoSApp1.app */ = {isa = PBXFileReference; explicitFileType = wrapper.application; includeInIndex = 0; path = SoSApp1.app; sourceTree = BUILT_PRODUCTS_DIR; };
		D846D3662C5D49CC00D7B925 /* AppDelegate.swift */ = {isa = PBXFileReference; lastKnownFileType = sourcecode.swift; path = AppDelegate.swift; sourceTree = "<group>"; };
		D846D3682C5D49CC00D7B925 /* SceneDelegate.swift */ = {isa = PBXFileReference; lastKnownFileType = sourcecode.swift; path = SceneDelegate.swift; sourceTree = "<group>"; };
		D846D36A2C5D49CC00D7B925 /* SosViewController.swift */ = {isa = PBXFileReference; lastKnownFileType = sourcecode.swift; path = SosViewController.swift; sourceTree = "<group>"; };
		D846D36D2C5D49CC00D7B925 /* Base */ = {isa = PBXFileReference; lastKnownFileType = file.storyboard; name = Base; path = Base.lproj/Main.storyboard; sourceTree = "<group>"; };
		D846D36F2C5D49CF00D7B925 /* Assets.xcassets */ = {isa = PBXFileReference; lastKnownFileType = folder.assetcatalog; path = Assets.xcassets; sourceTree = "<group>"; };
		D846D3722C5D49CF00D7B925 /* Base */ = {isa = PBXFileReference; lastKnownFileType = file.storyboard; name = Base; path = Base.lproj/LaunchScreen.storyboard; sourceTree = "<group>"; };
		D846D3742C5D49CF00D7B925 /* Info.plist */ = {isa = PBXFileReference; lastKnownFileType = text.plist.xml; path = Info.plist; sourceTree = "<group>"; };
		D846D37A2C5D578200D7B925 /* EmergencyContactViewController.swift */ = {isa = PBXFileReference; lastKnownFileType = sourcecode.swift; path = EmergencyContactViewController.swift; sourceTree = "<group>"; };
		D8F560392C5E8B4B0051DC4E /* ContactPerson.swift */ = {isa = PBXFileReference; lastKnownFileType = sourcecode.swift; path = ContactPerson.swift; sourceTree = "<group>"; };
/* End PBXFileReference section */

/* Begin PBXFrameworksBuildPhase section */
		D846D3602C5D49CC00D7B925 /* Frameworks */ = {
			isa = PBXFrameworksBuildPhase;
			buildActionMask = 2147483647;
			files = (
			);
			runOnlyForDeploymentPostprocessing = 0;
		};
/* End PBXFrameworksBuildPhase section */

/* Begin PBXGroup section */
		D846D35A2C5D49CC00D7B925 = {
			isa = PBXGroup;
			children = (
				D846D3652C5D49CC00D7B925 /* SoSApp1 */,
				D846D3642C5D49CC00D7B925 /* Products */,
			);
			sourceTree = "<group>";
		};
		D846D3642C5D49CC00D7B925 /* Products */ = {
			isa = PBXGroup;
			children = (
				D846D3632C5D49CC00D7B925 /* SoSApp1.app */,
			);
			name = Products;
			sourceTree = "<group>";
		};
		D846D3652C5D49CC00D7B925 /* SoSApp1 */ = {
			isa = PBXGroup;
			children = (
				D846D37F2C5D5A6A00D7B925 /* AppDelegate */,
				D846D37E2C5D5A5800D7B925 /* Model */,
				D846D37C2C5D5A3900D7B925 /* ViewController */,
				D846D36C2C5D49CC00D7B925 /* Main.storyboard */,
				D846D36F2C5D49CF00D7B925 /* Assets.xcassets */,
				D846D3712C5D49CF00D7B925 /* LaunchScreen.storyboard */,
				D846D3742C5D49CF00D7B925 /* Info.plist */,
			);
			path = SoSApp1;
			sourceTree = "<group>";
		};
		D846D37C2C5D5A3900D7B925 /* ViewController */ = {
			isa = PBXGroup;
			children = (
				D846D36A2C5D49CC00D7B925 /* SosViewController.swift */,
				D846D37A2C5D578200D7B925 /* EmergencyContactViewController.swift */,
			);
			path = ViewController;
			sourceTree = "<group>";
		};
		D846D37E2C5D5A5800D7B925 /* Model */ = {
			isa = PBXGroup;
			children = (
				D8F560392C5E8B4B0051DC4E /* ContactPerson.swift */,
			);
			path = Model;
			sourceTree = "<group>";
		};
		D846D37F2C5D5A6A00D7B925 /* AppDelegate */ = {
			isa = PBXGroup;
			children = (
				D846D3682C5D49CC00D7B925 /* SceneDelegate.swift */,
				D846D3662C5D49CC00D7B925 /* AppDelegate.swift */,
			);
			path = AppDelegate;
			sourceTree = "<group>";
		};
/* End PBXGroup section */

/* Begin PBXNativeTarget section */
		D846D3622C5D49CC00D7B925 /* SoSApp1 */ = {
			isa = PBXNativeTarget;
			buildConfigurationList = D846D3772C5D49CF00D7B925 /* Build configuration list for PBXNativeTarget "SoSApp1" */;
			buildPhases = (
				D846D35F2C5D49CC00D7B925 /* Sources */,
				D846D3602C5D49CC00D7B925 /* Frameworks */,
				D846D3612C5D49CC00D7B925 /* Resources */,
			);
			buildRules = (
			);
			dependencies = (
			);
			name = SoSApp1;
			productName = SoSApp1;
			productReference = D846D3632C5D49CC00D7B925 /* SoSApp1.app */;
			productType = "com.apple.product-type.application";
		};
/* End PBXNativeTarget section */

/* Begin PBXProject section */
		D846D35B2C5D49CC00D7B925 /* Project object */ = {
			isa = PBXProject;
			attributes = {
				BuildIndependentTargetsInParallel = 1;
				LastSwiftUpdateCheck = 1540;
				LastUpgradeCheck = 1540;
				TargetAttributes = {
					D846D3622C5D49CC00D7B925 = {
						CreatedOnToolsVersion = 15.4;
					};
				};
			};
			buildConfigurationList = D846D35E2C5D49CC00D7B925 /* Build configuration list for PBXProject "SoSApp1" */;
			compatibilityVersion = "Xcode 14.0";
			developmentRegion = en;
			hasScannedForEncodings = 0;
			knownRegions = (
				en,
				Base,
			);
			mainGroup = D846D35A2C5D49CC00D7B925;
			productRefGroup = D846D3642C5D49CC00D7B925 /* Products */;
			projectDirPath = "";
			projectRoot = "";
			targets = (
				D846D3622C5D49CC00D7B925 /* SoSApp1 */,
			);
		};
/* End PBXProject section */

/* Begin PBXResourcesBuildPhase section */
		D846D3612C5D49CC00D7B925 /* Resources */ = {
			isa = PBXResourcesBuildPhase;
			buildActionMask = 2147483647;
			files = (
				D846D3702C5D49CF00D7B925 /* Assets.xcassets in Resources */,
				D846D3732C5D49CF00D7B925 /* Base in Resources */,
				D846D36E2C5D49CC00D7B925 /* Base in Resources */,
			);
			runOnlyForDeploymentPostprocessing = 0;
		};
/* End PBXResourcesBuildPhase section */

/* Begin PBXSourcesBuildPhase section */
		D846D35F2C5D49CC00D7B925 /* Sources */ = {
			isa = PBXSourcesBuildPhase;
			buildActionMask = 2147483647;
			files = (
				D846D36B2C5D49CC00D7B925 /* SosViewController.swift in Sources */,
				D846D37B2C5D578200D7B925 /* EmergencyContactViewController.swift in Sources */,
				D846D3672C5D49CC00D7B925 /* AppDelegate.swift in Sources */,
				D846D3692C5D49CC00D7B925 /* SceneDelegate.swift in Sources */,
				D8F5603A2C5E8B4B0051DC4E /* ContactPerson.swift in Sources */,
			);
			runOnlyForDeploymentPostprocessing = 0;
		};
/* End PBXSourcesBuildPhase section */

/* Begin PBXVariantGroup section */
		D846D36C2C5D49CC00D7B925 /* Main.storyboard */ = {
			isa = PBXVariantGroup;
			children = (
				D846D36D2C5D49CC00D7B925 /* Base */,
			);
			name = Main.storyboard;
			sourceTree = "<group>";
		};
		D846D3712C5D49CF00D7B925 /* LaunchScreen.storyboard */ = {
			isa = PBXVariantGroup;
			children = (
				D846D3722C5D49CF00D7B925 /* Base */,
			);
			name = LaunchScreen.storyboard;
			sourceTree = "<group>";
		};
/* End PBXVariantGroup section */

/* Begin XCBuildConfiguration section */
		D846D3752C5D49CF00D7B925 /* Debug */ = {
			isa = XCBuildConfiguration;
			buildSettings = {
				ALWAYS_SEARCH_USER_PATHS = NO;
				ASSETCATALOG_COMPILER_GENERATE_SWIFT_ASSET_SYMBOL_EXTENSIONS = YES;
				CLANG_ANALYZER_NONNULL = YES;
				CLANG_ANALYZER_NUMBER_OBJECT_CONVERSION = YES_AGGRESSIVE;
				CLANG_CXX_LANGUAGE_STANDARD = "gnu++20";
				CLANG_ENABLE_MODULES = YES;
				CLANG_ENABLE_OBJC_ARC = YES;
				CLANG_ENABLE_OBJC_WEAK = YES;
				CLANG_WARN_BLOCK_CAPTURE_AUTORELEASING = YES;
				CLANG_WARN_BOOL_CONVERSION = YES;
				CLANG_WARN_COMMA = YES;
				CLANG_WARN_CONSTANT_CONVERSION = YES;
				CLANG_WARN_DEPRECATED_OBJC_IMPLEMENTATIONS = YES;
				CLANG_WARN_DIRECT_OBJC_ISA_USAGE = YES_ERROR;
				CLANG_WARN_DOCUMENTATION_COMMENTS = YES;
				CLANG_WARN_EMPTY_BODY = YES;
				CLANG_WARN_ENUM_CONVERSION = YES;
				CLANG_WARN_INFINITE_RECURSION = YES;
				CLANG_WARN_INT_CONVERSION = YES;
				CLANG_WARN_NON_LITERAL_NULL_CONVERSION = YES;
				CLANG_WARN_OBJC_IMPLICIT_RETAIN_SELF = YES;
				CLANG_WARN_OBJC_LITERAL_CONVERSION = YES;
				CLANG_WARN_OBJC_ROOT_CLASS = YES_ERROR;
				CLANG_WARN_QUOTED_INCLUDE_IN_FRAMEWORK_HEADER = YES;
				CLANG_WARN_RANGE_LOOP_ANALYSIS = YES;
				CLANG_WARN_STRICT_PROTOTYPES = YES;
				CLANG_WARN_SUSPICIOUS_MOVE = YES;
				CLANG_WARN_UNGUARDED_AVAILABILITY = YES_AGGRESSIVE;
				CLANG_WARN_UNREACHABLE_CODE = YES;
				CLANG_WARN__DUPLICATE_METHOD_MATCH = YES;
				COPY_PHASE_STRIP = NO;
				DEBUG_INFORMATION_FORMAT = dwarf;
				ENABLE_STRICT_OBJC_MSGSEND = YES;
				ENABLE_TESTABILITY = YES;
				ENABLE_USER_SCRIPT_SANDBOXING = YES;
				GCC_C_LANGUAGE_STANDARD = gnu17;
				GCC_DYNAMIC_NO_PIC = NO;
				GCC_NO_COMMON_BLOCKS = YES;
				GCC_OPTIMIZATION_LEVEL = 0;
				GCC_PREPROCESSOR_DEFINITIONS = (
					"DEBUG=1",
					"$(inherited)",
				);
				GCC_WARN_64_TO_32_BIT_CONVERSION = YES;
				GCC_WARN_ABOUT_RETURN_TYPE = YES_ERROR;
				GCC_WARN_UNDECLARED_SELECTOR = YES;
				GCC_WARN_UNINITIALIZED_AUTOS = YES_AGGRESSIVE;
				GCC_WARN_UNUSED_FUNCTION = YES;
				GCC_WARN_UNUSED_VARIABLE = YES;
				IPHONEOS_DEPLOYMENT_TARGET = 17.5;
				LOCALIZATION_PREFERS_STRING_CATALOGS = YES;
				MTL_ENABLE_DEBUG_INFO = INCLUDE_SOURCE;
				MTL_FAST_MATH = YES;
				ONLY_ACTIVE_ARCH = YES;
				SDKROOT = iphoneos;
				SWIFT_ACTIVE_COMPILATION_CONDITIONS = "DEBUG $(inherited)";
				SWIFT_OPTIMIZATION_LEVEL = "-Onone";
			};
			name = Debug;
		};
		D846D3762C5D49CF00D7B925 /* Release */ = {
			isa = XCBuildConfiguration;
			buildSettings = {
				ALWAYS_SEARCH_USER_PATHS = NO;
				ASSETCATALOG_COMPILER_GENERATE_SWIFT_ASSET_SYMBOL_EXTENSIONS = YES;
				CLANG_ANALYZER_NONNULL = YES;
				CLANG_ANALYZER_NUMBER_OBJECT_CONVERSION = YES_AGGRESSIVE;
				CLANG_CXX_LANGUAGE_STANDARD = "gnu++20";
				CLANG_ENABLE_MODULES = YES;
				CLANG_ENABLE_OBJC_ARC = YES;
				CLANG_ENABLE_OBJC_WEAK = YES;
				CLANG_WARN_BLOCK_CAPTURE_AUTORELEASING = YES;
				CLANG_WARN_BOOL_CONVERSION = YES;
				CLANG_WARN_COMMA = YES;
				CLANG_WARN_CONSTANT_CONVERSION = YES;
				CLANG_WARN_DEPRECATED_OBJC_IMPLEMENTATIONS = YES;
				CLANG_WARN_DIRECT_OBJC_ISA_USAGE = YES_ERROR;
				CLANG_WARN_DOCUMENTATION_COMMENTS = YES;
				CLANG_WARN_EMPTY_BODY = YES;
				CLANG_WARN_ENUM_CONVERSION = YES;
				CLANG_WARN_INFINITE_RECURSION = YES;
				CLANG_WARN_INT_CONVERSION = YES;
				CLANG_WARN_NON_LITERAL_NULL_CONVERSION = YES;
				CLANG_WARN_OBJC_IMPLICIT_RETAIN_SELF = YES;
				CLANG_WARN_OBJC_LITERAL_CONVERSION = YES;
				CLANG_WARN_OBJC_ROOT_CLASS = YES_ERROR;
				CLANG_WARN_QUOTED_INCLUDE_IN_FRAMEWORK_HEADER = YES;
				CLANG_WARN_RANGE_LOOP_ANALYSIS = YES;
				CLANG_WARN_STRICT_PROTOTYPES = YES;
				CLANG_WARN_SUSPICIOUS_MOVE = YES;
				CLANG_WARN_UNGUARDED_AVAILABILITY = YES_AGGRESSIVE;
				CLANG_WARN_UNREACHABLE_CODE = YES;
				CLANG_WARN__DUPLICATE_METHOD_MATCH = YES;
				COPY_PHASE_STRIP = NO;
				DEBUG_INFORMATION_FORMAT = "dwarf-with-dsym";
				ENABLE_NS_ASSERTIONS = NO;
				ENABLE_STRICT_OBJC_MSGSEND = YES;
				ENABLE_USER_SCRIPT_SANDBOXING = YES;
				GCC_C_LANGUAGE_STANDARD = gnu17;
				GCC_NO_COMMON_BLOCKS = YES;
				GCC_WARN_64_TO_32_BIT_CONVERSION = YES;
				GCC_WARN_ABOUT_RETURN_TYPE = YES_ERROR;
				GCC_WARN_UNDECLARED_SELECTOR = YES;
				GCC_WARN_UNINITIALIZED_AUTOS = YES_AGGRESSIVE;
				GCC_WARN_UNUSED_FUNCTION = YES;
				GCC_WARN_UNUSED_VARIABLE = YES;
				IPHONEOS_DEPLOYMENT_TARGET = 17.5;
				LOCALIZATION_PREFERS_STRING_CATALOGS = YES;
				MTL_ENABLE_DEBUG_INFO = NO;
				MTL_FAST_MATH = YES;
				SDKROOT = iphoneos;
				SWIFT_COMPILATION_MODE = wholemodule;
				VALIDATE_PRODUCT = YES;
			};
			name = Release;
		};
		D846D3782C5D49CF00D7B925 /* Debug */ = {
			isa = XCBuildConfiguration;
			buildSettings = {
				ASSETCATALOG_COMPILER_APPICON_NAME = AppIcon;
				ASSETCATALOG_COMPILER_GLOBAL_ACCENT_COLOR_NAME = AccentColor;
				CODE_SIGN_STYLE = Automatic;
				CURRENT_PROJECT_VERSION = 1;
				DEVELOPMENT_TEAM = 4C6TC4MY8Y;
				GENERATE_INFOPLIST_FILE = YES;
				INFOPLIST_FILE = SoSApp1/Info.plist;
				INFOPLIST_KEY_UIApplicationSupportsIndirectInputEvents = YES;
				INFOPLIST_KEY_UILaunchStoryboardName = LaunchScreen;
				INFOPLIST_KEY_UIMainStoryboardFile = Main;
				INFOPLIST_KEY_UISupportedInterfaceOrientations_iPad = "UIInterfaceOrientationPortrait UIInterfaceOrientationPortraitUpsideDown UIInterfaceOrientationLandscapeLeft UIInterfaceOrientationLandscapeRight";
				INFOPLIST_KEY_UISupportedInterfaceOrientations_iPhone = "UIInterfaceOrientationPortrait UIInterfaceOrientationLandscapeLeft UIInterfaceOrientationLandscapeRight";
				LD_RUNPATH_SEARCH_PATHS = (
					"$(inherited)",
					"@executable_path/Frameworks",
				);
				MARKETING_VERSION = 1.0;
				PRODUCT_BUNDLE_IDENTIFIER = com.souvik.SoSApp1;
				PRODUCT_NAME = "$(TARGET_NAME)";
				SUPPORTED_PLATFORMS = "iphoneos iphonesimulator";
				SUPPORTS_MACCATALYST = NO;
				SUPPORTS_MAC_DESIGNED_FOR_IPHONE_IPAD = NO;
				SUPPORTS_XR_DESIGNED_FOR_IPHONE_IPAD = NO;
				SWIFT_EMIT_LOC_STRINGS = YES;
				SWIFT_VERSION = 5.0;
				TARGETED_DEVICE_FAMILY = "1,2";
			};
			name = Debug;
		};
		D846D3792C5D49CF00D7B925 /* Release */ = {
			isa = XCBuildConfiguration;
			buildSettings = {
				ASSETCATALOG_COMPILER_APPICON_NAME = AppIcon;
				ASSETCATALOG_COMPILER_GLOBAL_ACCENT_COLOR_NAME = AccentColor;
				CODE_SIGN_STYLE = Automatic;
				CURRENT_PROJECT_VERSION = 1;
				DEVELOPMENT_TEAM = 4C6TC4MY8Y;
				GENERATE_INFOPLIST_FILE = YES;
				INFOPLIST_FILE = SoSApp1/Info.plist;
				INFOPLIST_KEY_UIApplicationSupportsIndirectInputEvents = YES;
				INFOPLIST_KEY_UILaunchStoryboardName = LaunchScreen;
				INFOPLIST_KEY_UIMainStoryboardFile = Main;
				INFOPLIST_KEY_UISupportedInterfaceOrientations_iPad = "UIInterfaceOrientationPortrait UIInterfaceOrientationPortraitUpsideDown UIInterfaceOrientationLandscapeLeft UIInterfaceOrientationLandscapeRight";
				INFOPLIST_KEY_UISupportedInterfaceOrientations_iPhone = "UIInterfaceOrientationPortrait UIInterfaceOrientationLandscapeLeft UIInterfaceOrientationLandscapeRight";
				LD_RUNPATH_SEARCH_PATHS = (
					"$(inherited)",
					"@executable_path/Frameworks",
				);
				MARKETING_VERSION = 1.0;
				PRODUCT_BUNDLE_IDENTIFIER = com.souvik.SoSApp1;
				PRODUCT_NAME = "$(TARGET_NAME)";
				SUPPORTED_PLATFORMS = "iphoneos iphonesimulator";
				SUPPORTS_MACCATALYST = NO;
				SUPPORTS_MAC_DESIGNED_FOR_IPHONE_IPAD = NO;
				SUPPORTS_XR_DESIGNED_FOR_IPHONE_IPAD = NO;
				SWIFT_EMIT_LOC_STRINGS = YES;
				SWIFT_VERSION = 5.0;
				TARGETED_DEVICE_FAMILY = "1,2";
			};
			name = Release;
		};
/* End XCBuildConfiguration section */

/* Begin XCConfigurationList section */
		D846D35E2C5D49CC00D7B925 /* Build configuration list for PBXProject "SoSApp1" */ = {
			isa = XCConfigurationList;
			buildConfigurations = (
				D846D3752C5D49CF00D7B925 /* Debug */,
				D846D3762C5D49CF00D7B925 /* Release */,
			);
			defaultConfigurationIsVisible = 0;
			defaultConfigurationName = Release;
		};
		D846D3772C5D49CF00D7B925 /* Build configuration list for PBXNativeTarget "SoSApp1" */ = {
			isa = XCConfigurationList;
			buildConfigurations = (
				D846D3782C5D49CF00D7B925 /* Debug */,
				D846D3792C5D49CF00D7B925 /* Release */,
			);
			defaultConfigurationIsVisible = 0;
			defaultConfigurationName = Release;
		};
/* End XCConfigurationList section */
	};
	rootObject = D846D35B2C5D49CC00D7B925 /* Project object */;
}
